// !$*UTF8*$!
{
	archiveVersion = 1;
	classes = {
	};
	objectVersion = 56;
	objects = {

/* Begin PBXBuildFile section */
		6F16FDD82C70DA4900BA6C80 /* jlptView.swift in Sources */ = {isa = PBXBuildFile; fileRef = 6F16FDD72C70DA4900BA6C80 /* jlptView.swift */; };
		6F16FDDA2C70DDAD00BA6C80 /* addWordView.swift in Sources */ = {isa = PBXBuildFile; fileRef = 6F16FDD92C70DDAD00BA6C80 /* addWordView.swift */; };
		6F16FDDC2C72394D00BA6C80 /* Learn.swift in Sources */ = {isa = PBXBuildFile; fileRef = 6F16FDDB2C72394D00BA6C80 /* Learn.swift */; };
		6F16FDDE2C72395B00BA6C80 /* LearnViewModel.swift in Sources */ = {isa = PBXBuildFile; fileRef = 6F16FDDD2C72395B00BA6C80 /* LearnViewModel.swift */; };
		6F5B80962A372C1200FB2576 /* Nihongo_TobikomiApp.swift in Sources */ = {isa = PBXBuildFile; fileRef = 6F5B80952A372C1200FB2576 /* Nihongo_TobikomiApp.swift */; };
		6F5B80982A372C1200FB2576 /* ContentView.swift in Sources */ = {isa = PBXBuildFile; fileRef = 6F5B80972A372C1200FB2576 /* ContentView.swift */; };
		6F5B809A2A372C1300FB2576 /* Assets.xcassets in Resources */ = {isa = PBXBuildFile; fileRef = 6F5B80992A372C1300FB2576 /* Assets.xcassets */; };
		6F5B809D2A372C1300FB2576 /* Preview Assets.xcassets in Resources */ = {isa = PBXBuildFile; fileRef = 6F5B809C2A372C1300FB2576 /* Preview Assets.xcassets */; };
		6F5B80A82A373B6D00FB2576 /* mainView.swift in Sources */ = {isa = PBXBuildFile; fileRef = 6F5B80A72A373B6D00FB2576 /* mainView.swift */; };
		6F5B80AA2A373B9A00FB2576 /* bookmarkView.swift in Sources */ = {isa = PBXBuildFile; fileRef = 6F5B80A92A373B9A00FB2576 /* bookmarkView.swift */; };
		6FB537FE2AB17615006F5C20 /* GoogleService-Info.plist in Resources */ = {isa = PBXBuildFile; fileRef = 6FB537FD2AB17615006F5C20 /* GoogleService-Info.plist */; };
		6FB538012AB177A4006F5C20 /* FirebaseAuth in Frameworks */ = {isa = PBXBuildFile; productRef = 6FB538002AB177A4006F5C20 /* FirebaseAuth */; };
		6FB538032AB177A4006F5C20 /* FirebaseDatabase in Frameworks */ = {isa = PBXBuildFile; productRef = 6FB538022AB177A4006F5C20 /* FirebaseDatabase */; };
		6FB538052AB177A4006F5C20 /* FirebaseDatabaseSwift in Frameworks */ = {isa = PBXBuildFile; productRef = 6FB538042AB177A4006F5C20 /* FirebaseDatabaseSwift */; };
		6FB538072AB177A4006F5C20 /* FirebaseFirestore in Frameworks */ = {isa = PBXBuildFile; productRef = 6FB538062AB177A4006F5C20 /* FirebaseFirestore */; };
		6FB538092AB177A5006F5C20 /* FirebaseFirestoreCombine-Community in Frameworks */ = {isa = PBXBuildFile; productRef = 6FB538082AB177A5006F5C20 /* FirebaseFirestoreCombine-Community */; };
		6FB5380B2AB177A5006F5C20 /* FirebaseFirestoreSwift in Frameworks */ = {isa = PBXBuildFile; productRef = 6FB5380A2AB177A5006F5C20 /* FirebaseFirestoreSwift */; };
		6FB5380D2AB177A5006F5C20 /* FirebaseStorage in Frameworks */ = {isa = PBXBuildFile; productRef = 6FB5380C2AB177A5006F5C20 /* FirebaseStorage */; };
		6FB5380F2AB177A5006F5C20 /* FirebaseStorageCombine-Community in Frameworks */ = {isa = PBXBuildFile; productRef = 6FB5380E2AB177A5006F5C20 /* FirebaseStorageCombine-Community */; };
		6FD58BB52ACC112400D5D68D /* User.swift in Sources */ = {isa = PBXBuildFile; fileRef = 6FD58BB42ACC112400D5D68D /* User.swift */; };
		6FD58BB72ACC114F00D5D68D /* UserViewModel.swift in Sources */ = {isa = PBXBuildFile; fileRef = 6FD58BB62ACC114F00D5D68D /* UserViewModel.swift */; };
		6FD58BB92ACC2B0200D5D68D /* Upload.swift in Sources */ = {isa = PBXBuildFile; fileRef = 6FD58BB82ACC2B0200D5D68D /* Upload.swift */; };
		6FD58BBB2ACC2B7300D5D68D /* UploadViewModel.swift in Sources */ = {isa = PBXBuildFile; fileRef = 6FD58BBA2ACC2B7300D5D68D /* UploadViewModel.swift */; };
		6FE6A4182C881BB600BB74C3 /* signInView.swift in Sources */ = {isa = PBXBuildFile; fileRef = 6FE6A4172C881BB600BB74C3 /* signInView.swift */; };
		6FE6A41A2C881BC100BB74C3 /* signUpView.swift in Sources */ = {isa = PBXBuildFile; fileRef = 6FE6A4192C881BC100BB74C3 /* signUpView.swift */; };
		6FE6A41C2C89A2DD00BB74C3 /* Launch Screen.storyboard in Resources */ = {isa = PBXBuildFile; fileRef = 6FE6A41B2C89A2DD00BB74C3 /* Launch Screen.storyboard */; };
/* End PBXBuildFile section */

/* Begin PBXFileReference section */
		6F16FDD72C70DA4900BA6C80 /* jlptView.swift */ = {isa = PBXFileReference; lastKnownFileType = sourcecode.swift; path = jlptView.swift; sourceTree = "<group>"; };
		6F16FDD92C70DDAD00BA6C80 /* addWordView.swift */ = {isa = PBXFileReference; lastKnownFileType = sourcecode.swift; path = addWordView.swift; sourceTree = "<group>"; };
		6F16FDDB2C72394D00BA6C80 /* Learn.swift */ = {isa = PBXFileReference; lastKnownFileType = sourcecode.swift; path = Learn.swift; sourceTree = "<group>"; };
		6F16FDDD2C72395B00BA6C80 /* LearnViewModel.swift */ = {isa = PBXFileReference; lastKnownFileType = sourcecode.swift; path = LearnViewModel.swift; sourceTree = "<group>"; };
		6F5B80922A372C1200FB2576 /* Nihongo_Tobikomi.app */ = {isa = PBXFileReference; explicitFileType = wrapper.application; includeInIndex = 0; path = Nihongo_Tobikomi.app; sourceTree = BUILT_PRODUCTS_DIR; };
		6F5B80952A372C1200FB2576 /* Nihongo_TobikomiApp.swift */ = {isa = PBXFileReference; lastKnownFileType = sourcecode.swift; path = Nihongo_TobikomiApp.swift; sourceTree = "<group>"; };
		6F5B80972A372C1200FB2576 /* ContentView.swift */ = {isa = PBXFileReference; lastKnownFileType = sourcecode.swift; path = ContentView.swift; sourceTree = "<group>"; };
		6F5B80992A372C1300FB2576 /* Assets.xcassets */ = {isa = PBXFileReference; lastKnownFileType = folder.assetcatalog; path = Assets.xcassets; sourceTree = "<group>"; };
		6F5B809C2A372C1300FB2576 /* Preview Assets.xcassets */ = {isa = PBXFileReference; lastKnownFileType = folder.assetcatalog; path = "Preview Assets.xcassets"; sourceTree = "<group>"; };
		6F5B80A62A37318B00FB2576 /* Nihongo-Tobikomi-Info.plist */ = {isa = PBXFileReference; lastKnownFileType = text.plist; path = "Nihongo-Tobikomi-Info.plist"; sourceTree = SOURCE_ROOT; };
		6F5B80A72A373B6D00FB2576 /* mainView.swift */ = {isa = PBXFileReference; lastKnownFileType = sourcecode.swift; path = mainView.swift; sourceTree = "<group>"; };
		6F5B80A92A373B9A00FB2576 /* bookmarkView.swift */ = {isa = PBXFileReference; lastKnownFileType = sourcecode.swift; path = bookmarkView.swift; sourceTree = "<group>"; };
		6FB537FD2AB17615006F5C20 /* GoogleService-Info.plist */ = {isa = PBXFileReference; fileEncoding = 4; lastKnownFileType = text.plist.xml; path = "GoogleService-Info.plist"; sourceTree = "<group>"; };
		6FD58BB42ACC112400D5D68D /* User.swift */ = {isa = PBXFileReference; lastKnownFileType = sourcecode.swift; path = User.swift; sourceTree = "<group>"; };
		6FD58BB62ACC114F00D5D68D /* UserViewModel.swift */ = {isa = PBXFileReference; lastKnownFileType = sourcecode.swift; path = UserViewModel.swift; sourceTree = "<group>"; };
		6FD58BB82ACC2B0200D5D68D /* Upload.swift */ = {isa = PBXFileReference; lastKnownFileType = sourcecode.swift; path = Upload.swift; sourceTree = "<group>"; };
		6FD58BBA2ACC2B7300D5D68D /* UploadViewModel.swift */ = {isa = PBXFileReference; lastKnownFileType = sourcecode.swift; path = UploadViewModel.swift; sourceTree = "<group>"; };
		6FE6A4172C881BB600BB74C3 /* signInView.swift */ = {isa = PBXFileReference; lastKnownFileType = sourcecode.swift; path = signInView.swift; sourceTree = "<group>"; };
		6FE6A4192C881BC100BB74C3 /* signUpView.swift */ = {isa = PBXFileReference; lastKnownFileType = sourcecode.swift; path = signUpView.swift; sourceTree = "<group>"; };
		6FE6A41B2C89A2DD00BB74C3 /* Launch Screen.storyboard */ = {isa = PBXFileReference; lastKnownFileType = file.storyboard; path = "Launch Screen.storyboard"; sourceTree = "<group>"; };
/* End PBXFileReference section */

/* Begin PBXFrameworksBuildPhase section */
		6F5B808F2A372C1200FB2576 /* Frameworks */ = {
			isa = PBXFrameworksBuildPhase;
			buildActionMask = 2147483647;
			files = (
				6FB538052AB177A4006F5C20 /* FirebaseDatabaseSwift in Frameworks */,
				6FB538072AB177A4006F5C20 /* FirebaseFirestore in Frameworks */,
				6FB5380F2AB177A5006F5C20 /* FirebaseStorageCombine-Community in Frameworks */,
				6FB538032AB177A4006F5C20 /* FirebaseDatabase in Frameworks */,
				6FB538092AB177A5006F5C20 /* FirebaseFirestoreCombine-Community in Frameworks */,
				6FB5380D2AB177A5006F5C20 /* FirebaseStorage in Frameworks */,
				6FB538012AB177A4006F5C20 /* FirebaseAuth in Frameworks */,
				6FB5380B2AB177A5006F5C20 /* FirebaseFirestoreSwift in Frameworks */,
			);
			runOnlyForDeploymentPostprocessing = 0;
		};
/* End PBXFrameworksBuildPhase section */

/* Begin PBXGroup section */
		6F5B80892A372C1200FB2576 = {
			isa = PBXGroup;
			children = (
				6F5B80942A372C1200FB2576 /* Nihongo_Tobikomi */,
				6F5B80932A372C1200FB2576 /* Products */,
			);
			sourceTree = "<group>";
		};
		6F5B80932A372C1200FB2576 /* Products */ = {
			isa = PBXGroup;
			children = (
				6F5B80922A372C1200FB2576 /* Nihongo_Tobikomi.app */,
			);
			name = Products;
			sourceTree = "<group>";
		};
		6F5B80942A372C1200FB2576 /* Nihongo_Tobikomi */ = {
			isa = PBXGroup;
			children = (
				6FB537FD2AB17615006F5C20 /* GoogleService-Info.plist */,
				6F5B80A62A37318B00FB2576 /* Nihongo-Tobikomi-Info.plist */,
				6F5B80972A372C1200FB2576 /* ContentView.swift */,
				6F5B80952A372C1200FB2576 /* Nihongo_TobikomiApp.swift */,
				6FE6A41B2C89A2DD00BB74C3 /* Launch Screen.storyboard */,
				6F5B80A32A372C7E00FB2576 /* View */,
				6F5B80A42A372C8600FB2576 /* Model */,
				6F5B80A52A372C8C00FB2576 /* ViewModel */,
				6F5B80992A372C1300FB2576 /* Assets.xcassets */,
				6F5B809B2A372C1300FB2576 /* Preview Content */,
			);
			path = Nihongo_Tobikomi;
			sourceTree = "<group>";
		};
		6F5B809B2A372C1300FB2576 /* Preview Content */ = {
			isa = PBXGroup;
			children = (
				6F5B809C2A372C1300FB2576 /* Preview Assets.xcassets */,
			);
			path = "Preview Content";
			sourceTree = "<group>";
		};
		6F5B80A32A372C7E00FB2576 /* View */ = {
			isa = PBXGroup;
			children = (
				6F5B80A72A373B6D00FB2576 /* mainView.swift */,
				6F5B80A92A373B9A00FB2576 /* bookmarkView.swift */,
				6F16FDD72C70DA4900BA6C80 /* jlptView.swift */,
				6F16FDD92C70DDAD00BA6C80 /* addWordView.swift */,
				6FE6A4172C881BB600BB74C3 /* signInView.swift */,
				6FE6A4192C881BC100BB74C3 /* signUpView.swift */,
			);
			path = View;
			sourceTree = "<group>";
		};
		6F5B80A42A372C8600FB2576 /* Model */ = {
			isa = PBXGroup;
			children = (
				6FD58BB42ACC112400D5D68D /* User.swift */,
				6FD58BB82ACC2B0200D5D68D /* Upload.swift */,
				6F16FDDB2C72394D00BA6C80 /* Learn.swift */,
			);
			path = Model;
			sourceTree = "<group>";
		};
		6F5B80A52A372C8C00FB2576 /* ViewModel */ = {
			isa = PBXGroup;
			children = (
				6FD58BB62ACC114F00D5D68D /* UserViewModel.swift */,
				6FD58BBA2ACC2B7300D5D68D /* UploadViewModel.swift */,
				6F16FDDD2C72395B00BA6C80 /* LearnViewModel.swift */,
			);
			path = ViewModel;
			sourceTree = "<group>";
		};
/* End PBXGroup section */

/* Begin PBXNativeTarget section */
		6F5B80912A372C1200FB2576 /* Nihongo_Tobikomi */ = {
			isa = PBXNativeTarget;
			buildConfigurationList = 6F5B80A02A372C1300FB2576 /* Build configuration list for PBXNativeTarget "Nihongo_Tobikomi" */;
			buildPhases = (
				6F5B808E2A372C1200FB2576 /* Sources */,
				6F5B808F2A372C1200FB2576 /* Frameworks */,
				6F5B80902A372C1200FB2576 /* Resources */,
			);
			buildRules = (
			);
			dependencies = (
			);
			name = Nihongo_Tobikomi;
			packageProductDependencies = (
				6FB538002AB177A4006F5C20 /* FirebaseAuth */,
				6FB538022AB177A4006F5C20 /* FirebaseDatabase */,
				6FB538042AB177A4006F5C20 /* FirebaseDatabaseSwift */,
				6FB538062AB177A4006F5C20 /* FirebaseFirestore */,
				6FB538082AB177A5006F5C20 /* FirebaseFirestoreCombine-Community */,
				6FB5380A2AB177A5006F5C20 /* FirebaseFirestoreSwift */,
				6FB5380C2AB177A5006F5C20 /* FirebaseStorage */,
				6FB5380E2AB177A5006F5C20 /* FirebaseStorageCombine-Community */,
			);
			productName = Nihongo_Tobikomi;
			productReference = 6F5B80922A372C1200FB2576 /* Nihongo_Tobikomi.app */;
			productType = "com.apple.product-type.application";
		};
/* End PBXNativeTarget section */

/* Begin PBXProject section */
		6F5B808A2A372C1200FB2576 /* Project object */ = {
			isa = PBXProject;
			attributes = {
				BuildIndependentTargetsInParallel = 1;
				LastSwiftUpdateCheck = 1430;
				LastUpgradeCheck = 1540;
				TargetAttributes = {
					6F5B80912A372C1200FB2576 = {
						CreatedOnToolsVersion = 14.3.1;
					};
				};
			};
			buildConfigurationList = 6F5B808D2A372C1200FB2576 /* Build configuration list for PBXProject "Nihongo_Tobikomi" */;
			compatibilityVersion = "Xcode 14.0";
			developmentRegion = en;
			hasScannedForEncodings = 0;
			knownRegions = (
				en,
				Base,
			);
			mainGroup = 6F5B80892A372C1200FB2576;
			packageReferences = (
				6FB537FF2AB177A4006F5C20 /* XCRemoteSwiftPackageReference "firebase-ios-sdk" */,
			);
			productRefGroup = 6F5B80932A372C1200FB2576 /* Products */;
			projectDirPath = "";
			projectRoot = "";
			targets = (
				6F5B80912A372C1200FB2576 /* Nihongo_Tobikomi */,
			);
		};
/* End PBXProject section */

/* Begin PBXResourcesBuildPhase section */
		6F5B80902A372C1200FB2576 /* Resources */ = {
			isa = PBXResourcesBuildPhase;
			buildActionMask = 2147483647;
			files = (
				6FB537FE2AB17615006F5C20 /* GoogleService-Info.plist in Resources */,
				6F5B809D2A372C1300FB2576 /* Preview Assets.xcassets in Resources */,
				6FE6A41C2C89A2DD00BB74C3 /* Launch Screen.storyboard in Resources */,
				6F5B809A2A372C1300FB2576 /* Assets.xcassets in Resources */,
			);
			runOnlyForDeploymentPostprocessing = 0;
		};
/* End PBXResourcesBuildPhase section */

/* Begin PBXSourcesBuildPhase section */
		6F5B808E2A372C1200FB2576 /* Sources */ = {
			isa = PBXSourcesBuildPhase;
			buildActionMask = 2147483647;
			files = (
				6FE6A41A2C881BC100BB74C3 /* signUpView.swift in Sources */,
				6FD58BB92ACC2B0200D5D68D /* Upload.swift in Sources */,
				6FD58BBB2ACC2B7300D5D68D /* UploadViewModel.swift in Sources */,
				6F16FDDA2C70DDAD00BA6C80 /* addWordView.swift in Sources */,
				6F5B80A82A373B6D00FB2576 /* mainView.swift in Sources */,
				6F16FDDC2C72394D00BA6C80 /* Learn.swift in Sources */,
				6FD58BB72ACC114F00D5D68D /* UserViewModel.swift in Sources */,
				6F5B80982A372C1200FB2576 /* ContentView.swift in Sources */,
				6F5B80AA2A373B9A00FB2576 /* bookmarkView.swift in Sources */,
				6FD58BB52ACC112400D5D68D /* User.swift in Sources */,
				6F16FDDE2C72395B00BA6C80 /* LearnViewModel.swift in Sources */,
				6F5B80962A372C1200FB2576 /* Nihongo_TobikomiApp.swift in Sources */,
				6FE6A4182C881BB600BB74C3 /* signInView.swift in Sources */,
				6F16FDD82C70DA4900BA6C80 /* jlptView.swift in Sources */,
			);
			runOnlyForDeploymentPostprocessing = 0;
		};
/* End PBXSourcesBuildPhase section */

/* Begin XCBuildConfiguration section */
		6F5B809E2A372C1300FB2576 /* Debug */ = {
			isa = XCBuildConfiguration;
			buildSettings = {
				ALWAYS_SEARCH_USER_PATHS = NO;
				CLANG_ANALYZER_NONNULL = YES;
				CLANG_ANALYZER_NUMBER_OBJECT_CONVERSION = YES_AGGRESSIVE;
				CLANG_CXX_LANGUAGE_STANDARD = "gnu++20";
				CLANG_ENABLE_MODULES = YES;
				CLANG_ENABLE_OBJC_ARC = YES;
				CLANG_ENABLE_OBJC_WEAK = YES;
				CLANG_WARN_BLOCK_CAPTURE_AUTORELEASING = YES;
				CLANG_WARN_BOOL_CONVERSION = YES;
				CLANG_WARN_COMMA = YES;
				CLANG_WARN_CONSTANT_CONVERSION = YES;
				CLANG_WARN_DEPRECATED_OBJC_IMPLEMENTATIONS = YES;
				CLANG_WARN_DIRECT_OBJC_ISA_USAGE = YES_ERROR;
				CLANG_WARN_DOCUMENTATION_COMMENTS = YES;
				CLANG_WARN_EMPTY_BODY = YES;
				CLANG_WARN_ENUM_CONVERSION = YES;
				CLANG_WARN_INFINITE_RECURSION = YES;
				CLANG_WARN_INT_CONVERSION = YES;
				CLANG_WARN_NON_LITERAL_NULL_CONVERSION = YES;
				CLANG_WARN_OBJC_IMPLICIT_RETAIN_SELF = YES;
				CLANG_WARN_OBJC_LITERAL_CONVERSION = YES;
				CLANG_WARN_OBJC_ROOT_CLASS = YES_ERROR;
				CLANG_WARN_QUOTED_INCLUDE_IN_FRAMEWORK_HEADER = YES;
				CLANG_WARN_RANGE_LOOP_ANALYSIS = YES;
				CLANG_WARN_STRICT_PROTOTYPES = YES;
				CLANG_WARN_SUSPICIOUS_MOVE = YES;
				CLANG_WARN_UNGUARDED_AVAILABILITY = YES_AGGRESSIVE;
				CLANG_WARN_UNREACHABLE_CODE = YES;
				CLANG_WARN__DUPLICATE_METHOD_MATCH = YES;
				COPY_PHASE_STRIP = NO;
				DEBUG_INFORMATION_FORMAT = dwarf;
				ENABLE_STRICT_OBJC_MSGSEND = YES;
				ENABLE_TESTABILITY = YES;
				ENABLE_USER_SCRIPT_SANDBOXING = YES;
				GCC_C_LANGUAGE_STANDARD = gnu11;
				GCC_DYNAMIC_NO_PIC = NO;
				GCC_NO_COMMON_BLOCKS = YES;
				GCC_OPTIMIZATION_LEVEL = 0;
				GCC_PREPROCESSOR_DEFINITIONS = (
					"DEBUG=1",
					"$(inherited)",
				);
				GCC_WARN_64_TO_32_BIT_CONVERSION = YES;
				GCC_WARN_ABOUT_RETURN_TYPE = YES_ERROR;
				GCC_WARN_UNDECLARED_SELECTOR = YES;
				GCC_WARN_UNINITIALIZED_AUTOS = YES_AGGRESSIVE;
				GCC_WARN_UNUSED_FUNCTION = YES;
				GCC_WARN_UNUSED_VARIABLE = YES;
				IPHONEOS_DEPLOYMENT_TARGET = 16.4;
				MTL_ENABLE_DEBUG_INFO = INCLUDE_SOURCE;
				MTL_FAST_MATH = YES;
				ONLY_ACTIVE_ARCH = YES;
				SDKROOT = iphoneos;
				SWIFT_ACTIVE_COMPILATION_CONDITIONS = DEBUG;
				SWIFT_OPTIMIZATION_LEVEL = "-Onone";
			};
			name = Debug;
		};
		6F5B809F2A372C1300FB2576 /* Release */ = {
			isa = XCBuildConfiguration;
			buildSettings = {
				ALWAYS_SEARCH_USER_PATHS = NO;
				CLANG_ANALYZER_NONNULL = YES;
				CLANG_ANALYZER_NUMBER_OBJECT_CONVERSION = YES_AGGRESSIVE;
				CLANG_CXX_LANGUAGE_STANDARD = "gnu++20";
				CLANG_ENABLE_MODULES = YES;
				CLANG_ENABLE_OBJC_ARC = YES;
				CLANG_ENABLE_OBJC_WEAK = YES;
				CLANG_WARN_BLOCK_CAPTURE_AUTORELEASING = YES;
				CLANG_WARN_BOOL_CONVERSION = YES;
				CLANG_WARN_COMMA = YES;
				CLANG_WARN_CONSTANT_CONVERSION = YES;
				CLANG_WARN_DEPRECATED_OBJC_IMPLEMENTATIONS = YES;
				CLANG_WARN_DIRECT_OBJC_ISA_USAGE = YES_ERROR;
				CLANG_WARN_DOCUMENTATION_COMMENTS = YES;
				CLANG_WARN_EMPTY_BODY = YES;
				CLANG_WARN_ENUM_CONVERSION = YES;
				CLANG_WARN_INFINITE_RECURSION = YES;
				CLANG_WARN_INT_CONVERSION = YES;
				CLANG_WARN_NON_LITERAL_NULL_CONVERSION = YES;
				CLANG_WARN_OBJC_IMPLICIT_RETAIN_SELF = YES;
				CLANG_WARN_OBJC_LITERAL_CONVERSION = YES;
				CLANG_WARN_OBJC_ROOT_CLASS = YES_ERROR;
				CLANG_WARN_QUOTED_INCLUDE_IN_FRAMEWORK_HEADER = YES;
				CLANG_WARN_RANGE_LOOP_ANALYSIS = YES;
				CLANG_WARN_STRICT_PROTOTYPES = YES;
				CLANG_WARN_SUSPICIOUS_MOVE = YES;
				CLANG_WARN_UNGUARDED_AVAILABILITY = YES_AGGRESSIVE;
				CLANG_WARN_UNREACHABLE_CODE = YES;
				CLANG_WARN__DUPLICATE_METHOD_MATCH = YES;
				COPY_PHASE_STRIP = NO;
				DEBUG_INFORMATION_FORMAT = "dwarf-with-dsym";
				ENABLE_NS_ASSERTIONS = NO;
				ENABLE_STRICT_OBJC_MSGSEND = YES;
				ENABLE_USER_SCRIPT_SANDBOXING = YES;
				GCC_C_LANGUAGE_STANDARD = gnu11;
				GCC_NO_COMMON_BLOCKS = YES;
				GCC_WARN_64_TO_32_BIT_CONVERSION = YES;
				GCC_WARN_ABOUT_RETURN_TYPE = YES_ERROR;
				GCC_WARN_UNDECLARED_SELECTOR = YES;
				GCC_WARN_UNINITIALIZED_AUTOS = YES_AGGRESSIVE;
				GCC_WARN_UNUSED_FUNCTION = YES;
				GCC_WARN_UNUSED_VARIABLE = YES;
				IPHONEOS_DEPLOYMENT_TARGET = 16.4;
				MTL_ENABLE_DEBUG_INFO = NO;
				MTL_FAST_MATH = YES;
				SDKROOT = iphoneos;
				SWIFT_COMPILATION_MODE = wholemodule;
				SWIFT_OPTIMIZATION_LEVEL = "-O";
				VALIDATE_PRODUCT = YES;
			};
			name = Release;
		};
		6F5B80A12A372C1300FB2576 /* Debug */ = {
			isa = XCBuildConfiguration;
			buildSettings = {
				ASSETCATALOG_COMPILER_APPICON_NAME = AppIcon;
				ASSETCATALOG_COMPILER_GLOBAL_ACCENT_COLOR_NAME = AccentColor;
				CODE_SIGN_STYLE = Automatic;
				CURRENT_PROJECT_VERSION = 1;
				DEVELOPMENT_ASSET_PATHS = "\"Nihongo_Tobikomi/Preview Content\"";
				DEVELOPMENT_TEAM = G78HKMSZKS;
				ENABLE_PREVIEWS = YES;
				GENERATE_INFOPLIST_FILE = YES;
				INFOPLIST_FILE = "Nihongo-Tobikomi-Info.plist";
				INFOPLIST_KEY_UIApplicationSceneManifest_Generation = YES;
				INFOPLIST_KEY_UIApplicationSupportsIndirectInputEvents = YES;
				INFOPLIST_KEY_UILaunchStoryboardName = "Launch Screen.storyboard";
				INFOPLIST_KEY_UISupportedInterfaceOrientations_iPad = "UIInterfaceOrientationPortrait UIInterfaceOrientationPortraitUpsideDown UIInterfaceOrientationLandscapeLeft UIInterfaceOrientationLandscapeRight";
				INFOPLIST_KEY_UISupportedInterfaceOrientations_iPhone = "UIInterfaceOrientationPortrait UIInterfaceOrientationLandscapeLeft UIInterfaceOrientationLandscapeRight";
				LD_RUNPATH_SEARCH_PATHS = (
					"$(inherited)",
					"@executable_path/Frameworks",
				);
				MARKETING_VERSION = 1.0;
				PRODUCT_BUNDLE_IDENTIFIER = "com.sudoswift.Nihongo-Tobikomi";
				PRODUCT_NAME = "$(TARGET_NAME)";
				SWIFT_EMIT_LOC_STRINGS = YES;
				SWIFT_VERSION = 5.0;
				TARGETED_DEVICE_FAMILY = "1,2";
			};
			name = Debug;
		};
		6F5B80A22A372C1300FB2576 /* Release */ = {
			isa = XCBuildConfiguration;
			buildSettings = {
				ASSETCATALOG_COMPILER_APPICON_NAME = AppIcon;
				ASSETCATALOG_COMPILER_GLOBAL_ACCENT_COLOR_NAME = AccentColor;
				CODE_SIGN_STYLE = Automatic;
				CURRENT_PROJECT_VERSION = 1;
				DEVELOPMENT_ASSET_PATHS = "\"Nihongo_Tobikomi/Preview Content\"";
				DEVELOPMENT_TEAM = G78HKMSZKS;
				ENABLE_PREVIEWS = YES;
				GENERATE_INFOPLIST_FILE = YES;
				INFOPLIST_FILE = "Nihongo-Tobikomi-Info.plist";
				INFOPLIST_KEY_UIApplicationSceneManifest_Generation = YES;
				INFOPLIST_KEY_UIApplicationSupportsIndirectInputEvents = YES;
				INFOPLIST_KEY_UILaunchStoryboardName = "Launch Screen.storyboard";
				INFOPLIST_KEY_UISupportedInterfaceOrientations_iPad = "UIInterfaceOrientationPortrait UIInterfaceOrientationPortraitUpsideDown UIInterfaceOrientationLandscapeLeft UIInterfaceOrientationLandscapeRight";
				INFOPLIST_KEY_UISupportedInterfaceOrientations_iPhone = "UIInterfaceOrientationPortrait UIInterfaceOrientationLandscapeLeft UIInterfaceOrientationLandscapeRight";
				LD_RUNPATH_SEARCH_PATHS = (
					"$(inherited)",
					"@executable_path/Frameworks",
				);
				MARKETING_VERSION = 1.0;
				PRODUCT_BUNDLE_IDENTIFIER = "com.sudoswift.Nihongo-Tobikomi";
				PRODUCT_NAME = "$(TARGET_NAME)";
				SWIFT_EMIT_LOC_STRINGS = YES;
				SWIFT_VERSION = 5.0;
				TARGETED_DEVICE_FAMILY = "1,2";
			};
			name = Release;
		};
/* End XCBuildConfiguration section */

/* Begin XCConfigurationList section */
		6F5B808D2A372C1200FB2576 /* Build configuration list for PBXProject "Nihongo_Tobikomi" */ = {
			isa = XCConfigurationList;
			buildConfigurations = (
				6F5B809E2A372C1300FB2576 /* Debug */,
				6F5B809F2A372C1300FB2576 /* Release */,
			);
			defaultConfigurationIsVisible = 0;
			defaultConfigurationName = Release;
		};
		6F5B80A02A372C1300FB2576 /* Build configuration list for PBXNativeTarget "Nihongo_Tobikomi" */ = {
			isa = XCConfigurationList;
			buildConfigurations = (
				6F5B80A12A372C1300FB2576 /* Debug */,
				6F5B80A22A372C1300FB2576 /* Release */,
			);
			defaultConfigurationIsVisible = 0;
			defaultConfigurationName = Release;
		};
/* End XCConfigurationList section */

/* Begin XCRemoteSwiftPackageReference section */
		6FB537FF2AB177A4006F5C20 /* XCRemoteSwiftPackageReference "firebase-ios-sdk" */ = {
			isa = XCRemoteSwiftPackageReference;
			repositoryURL = "https://github.com/firebase/firebase-ios-sdk";
			requirement = {
				kind = upToNextMajorVersion;
				minimumVersion = 10.0.0;
			};
		};
/* End XCRemoteSwiftPackageReference section */

/* Begin XCSwiftPackageProductDependency section */
		6FB538002AB177A4006F5C20 /* FirebaseAuth */ = {
			isa = XCSwiftPackageProductDependency;
			package = 6FB537FF2AB177A4006F5C20 /* XCRemoteSwiftPackageReference "firebase-ios-sdk" */;
			productName = FirebaseAuth;
		};
		6FB538022AB177A4006F5C20 /* FirebaseDatabase */ = {
			isa = XCSwiftPackageProductDependency;
			package = 6FB537FF2AB177A4006F5C20 /* XCRemoteSwiftPackageReference "firebase-ios-sdk" */;
			productName = FirebaseDatabase;
		};
		6FB538042AB177A4006F5C20 /* FirebaseDatabaseSwift */ = {
			isa = XCSwiftPackageProductDependency;
			package = 6FB537FF2AB177A4006F5C20 /* XCRemoteSwiftPackageReference "firebase-ios-sdk" */;
			productName = FirebaseDatabaseSwift;
		};
		6FB538062AB177A4006F5C20 /* FirebaseFirestore */ = {
			isa = XCSwiftPackageProductDependency;
			package = 6FB537FF2AB177A4006F5C20 /* XCRemoteSwiftPackageReference "firebase-ios-sdk" */;
			productName = FirebaseFirestore;
		};
		6FB538082AB177A5006F5C20 /* FirebaseFirestoreCombine-Community */ = {
			isa = XCSwiftPackageProductDependency;
			package = 6FB537FF2AB177A4006F5C20 /* XCRemoteSwiftPackageReference "firebase-ios-sdk" */;
			productName = "FirebaseFirestoreCombine-Community";
		};
		6FB5380A2AB177A5006F5C20 /* FirebaseFirestoreSwift */ = {
			isa = XCSwiftPackageProductDependency;
			package = 6FB537FF2AB177A4006F5C20 /* XCRemoteSwiftPackageReference "firebase-ios-sdk" */;
			productName = FirebaseFirestoreSwift;
		};
		6FB5380C2AB177A5006F5C20 /* FirebaseStorage */ = {
			isa = XCSwiftPackageProductDependency;
			package = 6FB537FF2AB177A4006F5C20 /* XCRemoteSwiftPackageReference "firebase-ios-sdk" */;
			productName = FirebaseStorage;
		};
		6FB5380E2AB177A5006F5C20 /* FirebaseStorageCombine-Community */ = {
			isa = XCSwiftPackageProductDependency;
			package = 6FB537FF2AB177A4006F5C20 /* XCRemoteSwiftPackageReference "firebase-ios-sdk" */;
			productName = "FirebaseStorageCombine-Community";
		};
/* End XCSwiftPackageProductDependency section */
	};
	rootObject = 6F5B808A2A372C1200FB2576 /* Project object */;
}
